<?xml version="1.0" encoding="utf-8"?>
<Project ToolsVersion="4.0" xmlns="http://schemas.microsoft.com/developer/msbuild/2003">
  <ItemGroup>
    <Filter Include="Source Files">
      <UniqueIdentifier>{4FC737F1-C7A5-4376-A066-2A32D752A2FF}</UniqueIdentifier>
      <Extensions>cpp;c;cc;cxx;def;odl;idl;hpj;bat;asm;asmx</Extensions>
    </Filter>
    <Filter Include="Header Files">
      <UniqueIdentifier>{93995380-89BD-4b04-88EB-625FBE52EBFB}</UniqueIdentifier>
      <Extensions>h;hh;hpp;hxx;hm;inl;inc;xsd</Extensions>
    </Filter>
    <Filter Include="Resource Files">
      <UniqueIdentifier>{67DA6AB6-F800-4c08-8B7A-83BB121AAD01}</UniqueIdentifier>
      <Extensions>rc;ico;cur;bmp;dlg;rc2;rct;bin;rgs;gif;jpg;jpeg;jpe;resx;tiff;tif;png;wav;mfcribbon-ms</Extensions>
    </Filter>
  </ItemGroup>
  <ItemGroup>
    <ClCompile Include="ccore.cpp">
      <Filter>Source Files</Filter>
    </ClCompile>
    <ClCompile Include="dbscan.cpp">
      <Filter>Source Files</Filter>
    </ClCompile>
    <ClCompile Include="support.cpp">
      <Filter>Source Files</Filter>
    </ClCompile>
    <ClCompile Include="hierarchical.cpp">
      <Filter>Source Files</Filter>
    </ClCompile>
    <ClCompile Include="kmeans.cpp">
      <Filter>Source Files</Filter>
    </ClCompile>
    <ClCompile Include="rock.cpp">
      <Filter>Source Files</Filter>
    </ClCompile>
    <ClCompile Include="network.cpp">
      <Filter>Source Files</Filter>
    </ClCompile>
    <ClCompile Include="syncnet.cpp">
      <Filter>Source Files</Filter>
    </ClCompile>
    <ClCompile Include="xmeans.cpp">
      <Filter>Source Files</Filter>
    </ClCompile>
    <ClCompile Include="hsyncnet.cpp">
      <Filter>Source Files</Filter>
    </ClCompile>
    <ClCompile Include="kdtree.cpp">
      <Filter>Source Files</Filter>
    </ClCompile>
    <ClCompile Include="cure.cpp">
      <Filter>Source Files</Filter>
    </ClCompile>
    <ClCompile Include="som.cpp">
      <Filter>Source Files</Filter>
    </ClCompile>
    <ClCompile Include="pcnn.cpp">
      <Filter>Source Files</Filter>
    </ClCompile>
    <ClCompile Include="sync.cpp">
      <Filter>Source Files</Filter>
    </ClCompile>
    <ClCompile Include="legion.cpp">
      <Filter>Source Files</Filter>
    </ClCompile>
    <ClCompile Include="syncpr.cpp">
      <Filter>Source Files</Filter>
    </ClCompile>
    <ClCompile Include="agglomerative.cpp">
      <Filter>Source Files</Filter>
    </ClCompile>
    <ClCompile Include="kmedians.cpp">
      <Filter>Source Files</Filter>
    </ClCompile>
    <ClCompile Include="adjacency_bit_matrix.cpp">
      <Filter>Source Files</Filter>
    </ClCompile>
    <ClCompile Include="adjacency_matrix.cpp">
      <Filter>Source Files</Filter>
    </ClCompile>
    <ClCompile Include="adjacency_list.cpp">
      <Filter>Source Files</Filter>
    </ClCompile>
    <ClCompile Include="adjacency_weight_list.cpp">
      <Filter>Source Files</Filter>
    </ClCompile>
  </ItemGroup>
  <ItemGroup>
    <ClInclude Include="dbscan.h">
      <Filter>Header Files</Filter>
    </ClInclude>
    <ClInclude Include="support.h">
      <Filter>Header Files</Filter>
    </ClInclude>
    <ClInclude Include="hierarchical.h">
      <Filter>Header Files</Filter>
    </ClInclude>
    <ClInclude Include="kmeans.h">
      <Filter>Header Files</Filter>
    </ClInclude>
    <ClInclude Include="rock.h">
      <Filter>Header Files</Filter>
    </ClInclude>
    <ClInclude Include="network.h">
      <Filter>Header Files</Filter>
    </ClInclude>
    <ClInclude Include="syncnet.h">
      <Filter>Header Files</Filter>
    </ClInclude>
    <ClInclude Include="xmeans.h">
      <Filter>Header Files</Filter>
    </ClInclude>
    <ClInclude Include="hsyncnet.h">
      <Filter>Header Files</Filter>
    </ClInclude>
    <ClInclude Include="kdtree.h">
      <Filter>Header Files</Filter>
    </ClInclude>
    <ClInclude Include="cure.h">
      <Filter>Header Files</Filter>
    </ClInclude>
    <ClInclude Include="som.h">
      <Filter>Header Files</Filter>
    </ClInclude>
    <ClInclude Include="pcnn.h">
      <Filter>Header Files</Filter>
    </ClInclude>
    <ClInclude Include="sync.h">
      <Filter>Header Files</Filter>
    </ClInclude>
    <ClInclude Include="legion.h">
      <Filter>Header Files</Filter>
    </ClInclude>
    <ClInclude Include="ccore.h">
      <Filter>Header Files</Filter>
    </ClInclude>
    <ClInclude Include="differential.h">
      <Filter>Header Files</Filter>
    </ClInclude>
    <ClInclude Include="syncpr.h">
      <Filter>Header Files</Filter>
    </ClInclude>
    <ClInclude Include="agglomerative.h">
      <Filter>Header Files</Filter>
    </ClInclude>
    <ClInclude Include="kmedians.h">
      <Filter>Header Files</Filter>
    </ClInclude>
    <ClInclude Include="dynamic_data.h">
      <Filter>Header Files</Filter>
    </ClInclude>
    <ClInclude Include="ensemble_data.h">
      <Filter>Header Files</Filter>
    </ClInclude>
    <ClInclude Include="adjacency.h">
      <Filter>Header Files</Filter>
    </ClInclude>
    <ClInclude Include="adjacency_bit_matrix.h">
      <Filter>Header Files</Filter>
    </ClInclude>
    <ClInclude Include="adjacency_matrix.h">
      <Filter>Header Files</Filter>
    </ClInclude>
    <ClInclude Include="adjacency_factory.h">
      <Filter>Header Files</Filter>
    </ClInclude>
    <ClInclude Include="adjacency_list.h">
      <Filter>Header Files</Filter>
    </ClInclude>
    <ClInclude Include="adjacency_weight_list.h">
      <Filter>Header Files</Filter>
    </ClInclude>
  </ItemGroup>
</Project>