<?xml version="1.0" encoding="utf-8"?>
<Project ToolsVersion="4.0" xmlns="http://schemas.microsoft.com/developer/msbuild/2003">
  <ItemGroup>
    <Filter Include="Source Files">
      <UniqueIdentifier>{4FC737F1-C7A5-4376-A066-2A32D752A2FF}</UniqueIdentifier>
      <Extensions>cpp;c;cc;cxx;def;odl;idl;hpj;bat;asm;asmx</Extensions>
    </Filter>
    <Filter Include="Header Files">
      <UniqueIdentifier>{93995380-89BD-4b04-88EB-625FBE52EBFB}</UniqueIdentifier>
      <Extensions>h;hh;hpp;hxx;hm;inl;inc;xsd</Extensions>
    </Filter>
    <Filter Include="Resource Files">
      <UniqueIdentifier>{67DA6AB6-F800-4c08-8B7A-83BB121AAD01}</UniqueIdentifier>
      <Extensions>rc;ico;cur;bmp;dlg;rc2;rct;bin;rgs;gif;jpg;jpeg;jpe;resx;tiff;tif;png;wav;mfcribbon-ms</Extensions>
    </Filter>
    <Filter Include="TestEnv Source Files">
      <UniqueIdentifier>{9c57f161-4c1e-4636-bce0-4c7f5277b6ab}</UniqueIdentifier>
    </Filter>
  </ItemGroup>
  <ItemGroup>
    <ClCompile Include="main.cpp">
      <Filter>Source Files</Filter>
    </ClCompile>
    <ClCompile Include="..\ccore\kdtree.cpp">
      <Filter>Resource Files</Filter>
    </ClCompile>
    <ClCompile Include="..\ccore\network.cpp">
      <Filter>Resource Files</Filter>
    </ClCompile>
    <ClCompile Include="..\ccore\pcnn.cpp">
      <Filter>Resource Files</Filter>
    </ClCompile>
    <ClCompile Include="..\ccore\support.cpp">
      <Filter>Resource Files</Filter>
    </ClCompile>
    <ClCompile Include="..\ccore\sync.cpp">
      <Filter>Resource Files</Filter>
    </ClCompile>
    <ClCompile Include="..\ccore\syncnet.cpp">
      <Filter>Resource Files</Filter>
    </ClCompile>
    <ClCompile Include="..\ccore\hsyncnet.cpp">
      <Filter>Resource Files</Filter>
    </ClCompile>
    <ClCompile Include="..\ccore\legion.cpp">
      <Filter>Resource Files</Filter>
    </ClCompile>
    <ClCompile Include="..\ccore\som.cpp">
      <Filter>Resource Files</Filter>
    </ClCompile>
    <ClCompile Include="samples.cpp">
      <Filter>Header Files</Filter>
    </ClCompile>
    <ClCompile Include="..\ccore\syncpr.cpp">
      <Filter>Resource Files</Filter>
    </ClCompile>
    <ClCompile Include="..\ccore\xmeans.cpp">
      <Filter>Resource Files</Filter>
    </ClCompile>
    <ClCompile Include="..\ccore\agglomerative.cpp">
      <Filter>Resource Files</Filter>
    </ClCompile>
    <ClCompile Include="..\ccore\kmedians.cpp">
      <Filter>Resource Files</Filter>
    </ClCompile>
    <ClCompile Include="..\tools\gtest\gtest-all.cpp">
      <Filter>TestEnv Source Files</Filter>
    </ClCompile>
  </ItemGroup>
  <ItemGroup>
    <ClInclude Include="utest-kdtree.h">
      <Filter>Header Files</Filter>
    </ClInclude>
    <ClInclude Include="..\ccore\kdtree.h">
      <Filter>Resource Files</Filter>
    </ClInclude>
    <ClInclude Include="utest-pcnn.h">
      <Filter>Header Files</Filter>
    </ClInclude>
    <ClInclude Include="..\ccore\network.h">
      <Filter>Resource Files</Filter>
    </ClInclude>
    <ClInclude Include="..\ccore\pcnn.h">
      <Filter>Resource Files</Filter>
    </ClInclude>
    <ClInclude Include="..\ccore\support.h">
      <Filter>Resource Files</Filter>
    </ClInclude>
    <ClInclude Include="utest-network.h">
      <Filter>Header Files</Filter>
    </ClInclude>
    <ClInclude Include="..\ccore\differential.h">
      <Filter>Resource Files</Filter>
    </ClInclude>
    <ClInclude Include="utest-differential.h">
      <Filter>Header Files</Filter>
    </ClInclude>
    <ClInclude Include="..\ccore\sync.h">
      <Filter>Resource Files</Filter>
    </ClInclude>
    <ClInclude Include="utest-sync.h">
      <Filter>Header Files</Filter>
    </ClInclude>
    <ClInclude Include="..\ccore\syncnet.h">
      <Filter>Resource Files</Filter>
    </ClInclude>
    <ClInclude Include="utest-syncnet.h">
      <Filter>Header Files</Filter>
    </ClInclude>
    <ClInclude Include="utest-hsyncnet.h">
      <Filter>Header Files</Filter>
    </ClInclude>
    <ClInclude Include="..\ccore\hsyncnet.h">
      <Filter>Resource Files</Filter>
    </ClInclude>
    <ClInclude Include="..\ccore\legion.h">
      <Filter>Resource Files</Filter>
    </ClInclude>
    <ClInclude Include="utest-legion.h">
      <Filter>Header Files</Filter>
    </ClInclude>
    <ClInclude Include="..\ccore\som.h">
      <Filter>Resource Files</Filter>
    </ClInclude>
    <ClInclude Include="utest-som.h">
      <Filter>Header Files</Filter>
    </ClInclude>
    <ClInclude Include="samples.h">
      <Filter>Header Files</Filter>
    </ClInclude>
    <ClInclude Include="utest-syncpr.h">
      <Filter>Header Files</Filter>
    </ClInclude>
    <ClInclude Include="..\ccore\syncpr.h">
      <Filter>Resource Files</Filter>
    </ClInclude>
    <ClInclude Include="..\ccore\xmeans.h">
      <Filter>Resource Files</Filter>
    </ClInclude>
    <ClInclude Include="utest-xmeans.h">
      <Filter>Header Files</Filter>
    </ClInclude>
    <ClInclude Include="utest-agglomerative.h">
      <Filter>Header Files</Filter>
    </ClInclude>
    <ClInclude Include="..\ccore\agglomerative.h">
      <Filter>Resource Files</Filter>
    </ClInclude>
    <ClInclude Include="..\ccore\kmedians.h">
      <Filter>Resource Files</Filter>
    </ClInclude>
    <ClInclude Include="utest-kmedians.h">
      <Filter>Header Files</Filter>
    </ClInclude>
    <ClInclude Include="..\tools\gtest\gtest.h">
      <Filter>TestEnv Source Files</Filter>
    </ClInclude>
    <ClInclude Include="..\ccore\dynamic_data.h">
      <Filter>Resource Files</Filter>
    </ClInclude>
    <ClInclude Include="..\ccore\ensemble_data.h">
      <Filter>Resource Files</Filter>
    </ClInclude>
  </ItemGroup>
</Project>