<?xml version="1.0" encoding="utf-8"?>
<Project ToolsVersion="4.0" xmlns="http://schemas.microsoft.com/developer/msbuild/2003">
  <ItemGroup>
    <ClCompile Include="..\tst\main.cpp" />
    <ClCompile Include="..\tst\utest-adjacency.cpp">
      <Filter>Unit Tests</Filter>
    </ClCompile>
    <ClCompile Include="..\tst\utest-adjacency_bit_matrix.cpp">
      <Filter>Unit Tests</Filter>
    </ClCompile>
    <ClCompile Include="..\tst\utest-adjacency_connector.cpp">
      <Filter>Unit Tests</Filter>
    </ClCompile>
    <ClCompile Include="..\tst\utest-adjacency_list.cpp">
      <Filter>Unit Tests</Filter>
    </ClCompile>
    <ClCompile Include="..\tst\utest-adjacency_matrix.cpp">
      <Filter>Unit Tests</Filter>
    </ClCompile>
    <ClCompile Include="..\tst\utest-adjacency_weight_list.cpp">
      <Filter>Unit Tests</Filter>
    </ClCompile>
    <ClCompile Include="..\tst\utest-agglomerative.cpp">
      <Filter>Unit Tests</Filter>
    </ClCompile>
    <ClCompile Include="..\tst\utest-bsas.cpp">
      <Filter>Unit Tests</Filter>
    </ClCompile>
    <ClCompile Include="..\tst\utest-clique.cpp">
      <Filter>Unit Tests</Filter>
    </ClCompile>
    <ClCompile Include="..\tst\utest-cure.cpp">
      <Filter>Unit Tests</Filter>
    </ClCompile>
    <ClCompile Include="..\tst\utest-dbscan.cpp">
      <Filter>Unit Tests</Filter>
    </ClCompile>
    <ClCompile Include="..\tst\utest-differential.cpp">
      <Filter>Unit Tests</Filter>
    </ClCompile>
    <ClCompile Include="..\tst\utest-dynamic_analyser.cpp">
      <Filter>Unit Tests</Filter>
    </ClCompile>
    <ClCompile Include="..\tst\utest-elbow.cpp">
      <Filter>Unit Tests</Filter>
    </ClCompile>
    <ClCompile Include="..\tst\utest-fcm.cpp">
      <Filter>Unit Tests</Filter>
    </ClCompile>
    <ClCompile Include="..\tst\utest-gmeans.cpp">
      <Filter>Unit Tests</Filter>
    </ClCompile>
    <ClCompile Include="..\tst\utest-hhn.cpp">
      <Filter>Unit Tests</Filter>
    </ClCompile>
    <ClCompile Include="..\tst\utest-hsyncnet.cpp">
      <Filter>Unit Tests</Filter>
    </ClCompile>
    <ClCompile Include="..\tst\utest-kdtree.cpp">
      <Filter>Unit Tests</Filter>
    </ClCompile>
    <ClCompile Include="..\tst\utest-kmeans.cpp">
      <Filter>Unit Tests</Filter>
    </ClCompile>
    <ClCompile Include="..\tst\utest-kmeans_plus_plus.cpp">
      <Filter>Unit Tests</Filter>
    </ClCompile>
    <ClCompile Include="..\tst\utest-kmedians.cpp">
      <Filter>Unit Tests</Filter>
    </ClCompile>
    <ClCompile Include="..\tst\utest-kmedoids.cpp">
      <Filter>Unit Tests</Filter>
    </ClCompile>
    <ClCompile Include="..\tst\utest-legion.cpp">
      <Filter>Unit Tests</Filter>
    </ClCompile>
    <ClCompile Include="..\tst\utest-linalg.cpp">
      <Filter>Unit Tests</Filter>
    </ClCompile>
    <ClCompile Include="..\tst\utest-mbsas.cpp">
      <Filter>Unit Tests</Filter>
    </ClCompile>
    <ClCompile Include="..\tst\utest-optics.cpp">
      <Filter>Unit Tests</Filter>
    </ClCompile>
    <ClCompile Include="..\tst\utest-ordering_analyser.cpp">
      <Filter>Unit Tests</Filter>
    </ClCompile>
    <ClCompile Include="..\tst\utest-parallel_for.cpp">
      <Filter>Unit Tests</Filter>
    </ClCompile>
    <ClCompile Include="..\tst\utest-pcnn.cpp">
      <Filter>Unit Tests</Filter>
    </ClCompile>
    <ClCompile Include="..\tst\utest-random_center_initializer.cpp">
      <Filter>Unit Tests</Filter>
    </ClCompile>
    <ClCompile Include="..\tst\utest-rock.cpp">
      <Filter>Unit Tests</Filter>
    </ClCompile>
    <ClCompile Include="..\tst\utest-silhouette.cpp">
      <Filter>Unit Tests</Filter>
    </ClCompile>
    <ClCompile Include="..\tst\utest-silhouette_ksearch.cpp">
      <Filter>Unit Tests</Filter>
    </ClCompile>
    <ClCompile Include="..\tst\utest-som.cpp">
      <Filter>Unit Tests</Filter>
    </ClCompile>
    <ClCompile Include="..\tst\utest-somsc.cpp">
      <Filter>Unit Tests</Filter>
    </ClCompile>
    <ClCompile Include="..\tst\utest-spinlock.cpp">
      <Filter>Unit Tests</Filter>
    </ClCompile>
    <ClCompile Include="..\tst\utest-stats.cpp">
      <Filter>Unit Tests</Filter>
    </ClCompile>
    <ClCompile Include="..\tst\utest-sync.cpp">
      <Filter>Unit Tests</Filter>
    </ClCompile>
    <ClCompile Include="..\tst\utest-syncnet.cpp">
      <Filter>Unit Tests</Filter>
    </ClCompile>
    <ClCompile Include="..\tst\utest-syncpr.cpp">
      <Filter>Unit Tests</Filter>
    </ClCompile>
    <ClCompile Include="..\tst\utest-thread_pool.cpp">
      <Filter>Unit Tests</Filter>
    </ClCompile>
    <ClCompile Include="..\tst\utest-ttsas.cpp">
      <Filter>Unit Tests</Filter>
    </ClCompile>
    <ClCompile Include="..\tst\utest-utils-algorithm.cpp">
      <Filter>Unit Tests</Filter>
    </ClCompile>
    <ClCompile Include="..\tst\utest-utils-metric.cpp">
      <Filter>Unit Tests</Filter>
    </ClCompile>
    <ClCompile Include="..\tst\utest-xmeans.cpp">
      <Filter>Unit Tests</Filter>
    </ClCompile>
    <ClCompile Include="..\tst\answer_reader.cpp">
      <Filter>Utils</Filter>
    </ClCompile>
    <ClCompile Include="..\tst\samples.cpp">
      <Filter>Utils</Filter>
    </ClCompile>
    <ClCompile Include="..\tst\utenv_check.cpp">
      <Filter>Utils</Filter>
    </ClCompile>
    <ClCompile Include="..\tst\utenv_utils.cpp">
      <Filter>Utils</Filter>
    </ClCompile>
  </ItemGroup>
  <ItemGroup>
    <ClInclude Include="..\tst\utest-adjacency.hpp">
      <Filter>Unit Tests</Filter>
    </ClInclude>
    <ClInclude Include="..\tst\utest-elbow.hpp">
      <Filter>Unit Tests</Filter>
    </ClInclude>
    <ClInclude Include="..\tst\answer.hpp">
      <Filter>Utils</Filter>
    </ClInclude>
    <ClInclude Include="..\tst\answer_reader.hpp">
      <Filter>Utils</Filter>
    </ClInclude>
    <ClInclude Include="..\tst\samples.hpp">
      <Filter>Utils</Filter>
    </ClInclude>
    <ClInclude Include="..\tst\utenv_check.hpp">
      <Filter>Utils</Filter>
    </ClInclude>
    <ClInclude Include="..\tst\utenv_utils.hpp">
      <Filter>Utils</Filter>
    </ClInclude>
  </ItemGroup>
  <ItemGroup>
    <Filter Include="Utils">
      <UniqueIdentifier>{585418de-54c7-4bb5-b2b2-1c276c2528de}</UniqueIdentifier>
    </Filter>
    <Filter Include="Unit Tests">
      <UniqueIdentifier>{22c82d50-1989-428d-91bb-3a0a42011bb0}</UniqueIdentifier>
    </Filter>
  </ItemGroup>
</Project>