<?xml version="1.0" encoding="utf-8"?>
<Project ToolsVersion="4.0" xmlns="http://schemas.microsoft.com/developer/msbuild/2003">
  <ItemGroup>
    <Filter Include="Unit Tests">
      <UniqueIdentifier>{bc6f8e41-938f-41a8-a51c-367eec96ba87}</UniqueIdentifier>
    </Filter>
    <Filter Include="Utils">
      <UniqueIdentifier>{5a1b9e4c-a61b-4acf-9e99-190af45278dc}</UniqueIdentifier>
    </Filter>
  </ItemGroup>
  <ItemGroup>
    <ClCompile Include="main.cpp" />
    <ClCompile Include="utest-interface-agglomerative.cpp">
      <Filter>Unit Tests</Filter>
    </ClCompile>
    <ClCompile Include="utest-interface-bsas.cpp">
      <Filter>Unit Tests</Filter>
    </ClCompile>
    <ClCompile Include="utest-interface-clique.cpp">
      <Filter>Unit Tests</Filter>
    </ClCompile>
    <ClCompile Include="utest-interface-cure.cpp">
      <Filter>Unit Tests</Filter>
    </ClCompile>
    <ClCompile Include="utest-interface-dbscan.cpp">
      <Filter>Unit Tests</Filter>
    </ClCompile>
    <ClCompile Include="utest-interface-elbow.cpp">
      <Filter>Unit Tests</Filter>
    </ClCompile>
    <ClCompile Include="utest-interface-fcm.cpp">
      <Filter>Unit Tests</Filter>
    </ClCompile>
    <ClCompile Include="utest-interface-gmeans.cpp">
      <Filter>Unit Tests</Filter>
    </ClCompile>
    <ClCompile Include="utest-interface-hhn.cpp">
      <Filter>Unit Tests</Filter>
    </ClCompile>
    <ClCompile Include="utest-interface-hsyncnet.cpp">
      <Filter>Unit Tests</Filter>
    </ClCompile>
    <ClCompile Include="utest-interface-kmeans.cpp">
      <Filter>Unit Tests</Filter>
    </ClCompile>
    <ClCompile Include="utest-interface-kmedians.cpp">
      <Filter>Unit Tests</Filter>
    </ClCompile>
    <ClCompile Include="utest-interface-kmedoids.cpp">
      <Filter>Unit Tests</Filter>
    </ClCompile>
    <ClCompile Include="utest-interface-legion.cpp">
      <Filter>Unit Tests</Filter>
    </ClCompile>
    <ClCompile Include="utest-interface-mbsas.cpp">
      <Filter>Unit Tests</Filter>
    </ClCompile>
    <ClCompile Include="utest-interface-metric.cpp">
      <Filter>Unit Tests</Filter>
    </ClCompile>
    <ClCompile Include="utest-interface-optics.cpp">
      <Filter>Unit Tests</Filter>
    </ClCompile>
    <ClCompile Include="utest-interface-pcnn.cpp">
      <Filter>Unit Tests</Filter>
    </ClCompile>
    <ClCompile Include="utest-interface-silhouette.cpp">
      <Filter>Unit Tests</Filter>
    </ClCompile>
    <ClCompile Include="utest-interface-som.cpp">
      <Filter>Unit Tests</Filter>
    </ClCompile>
    <ClCompile Include="utest-interface-sync.cpp">
      <Filter>Unit Tests</Filter>
    </ClCompile>
    <ClCompile Include="utest-interface-syncnet.cpp">
      <Filter>Unit Tests</Filter>
    </ClCompile>
    <ClCompile Include="utest-interface-syncpr.cpp">
      <Filter>Unit Tests</Filter>
    </ClCompile>
    <ClCompile Include="utest-interface-ttsas.cpp">
      <Filter>Unit Tests</Filter>
    </ClCompile>
    <ClCompile Include="utest-interface-xmeans.cpp">
      <Filter>Unit Tests</Filter>
    </ClCompile>
    <ClCompile Include="utest-interface-pyclustering.cpp">
      <Filter>Unit Tests</Filter>
    </ClCompile>
    <ClCompile Include="samples.cpp">
      <Filter>Utils</Filter>
    </ClCompile>
    <ClCompile Include="answer_reader.cpp">
      <Filter>Utils</Filter>
    </ClCompile>
  </ItemGroup>
  <ItemGroup>
    <ClInclude Include="samples.hpp">
      <Filter>Utils</Filter>
    </ClInclude>
    <ClInclude Include="answer.hpp">
      <Filter>Utils</Filter>
    </ClInclude>
    <ClInclude Include="answer_reader.hpp">
      <Filter>Utils</Filter>
    </ClInclude>
  </ItemGroup>
</Project>