<?xml version="1.0" encoding="utf-8"?>
<Project ToolsVersion="4.0" xmlns="http://schemas.microsoft.com/developer/msbuild/2003">
  <ItemGroup>
    <Filter Include="Source Files">
      <UniqueIdentifier>{4FC737F1-C7A5-4376-A066-2A32D752A2FF}</UniqueIdentifier>
      <Extensions>cpp;c;cc;cxx;def;odl;idl;hpj;bat;asm;asmx</Extensions>
    </Filter>
    <Filter Include="TestEnv Source Files">
      <UniqueIdentifier>{9c57f161-4c1e-4636-bce0-4c7f5277b6ab}</UniqueIdentifier>
    </Filter>
    <Filter Include="Unit Tests">
      <UniqueIdentifier>{93995380-89BD-4b04-88EB-625FBE52EBFB}</UniqueIdentifier>
      <Extensions>h;hh;hpp;hxx;hm;inl;inc;xsd</Extensions>
    </Filter>
    <Filter Include="Tested Code">
      <UniqueIdentifier>{4343b34d-feaf-4ef4-ad0f-fd895a07f7c8}</UniqueIdentifier>
    </Filter>
    <Filter Include="Tested Code\container">
      <UniqueIdentifier>{699d8c5c-9f08-4fb9-a3d9-e1b5e7679984}</UniqueIdentifier>
    </Filter>
    <Filter Include="Tested Code\cluster">
      <UniqueIdentifier>{4babe04d-4ed0-479a-b15f-0e6656f21871}</UniqueIdentifier>
    </Filter>
    <Filter Include="Tested Code\differential">
      <UniqueIdentifier>{723ea346-3058-4760-aad3-db0d027c0821}</UniqueIdentifier>
    </Filter>
    <Filter Include="Tested Code\nnet">
      <UniqueIdentifier>{27e24ed9-e9c4-43ab-ac00-726835a7e1be}</UniqueIdentifier>
    </Filter>
    <Filter Include="Tested Code\tsp">
      <UniqueIdentifier>{0f0225d8-7891-4f28-88d6-240d7244d119}</UniqueIdentifier>
    </Filter>
  </ItemGroup>
  <ItemGroup>
    <ClCompile Include="..\tools\gtest\gtest-all.cpp">
      <Filter>TestEnv Source Files</Filter>
    </ClCompile>
    <ClCompile Include="..\src\container\adjacency_bit_matrix.cpp">
      <Filter>Tested Code\container</Filter>
    </ClCompile>
    <ClCompile Include="..\src\container\adjacency_connector.cpp">
      <Filter>Tested Code\container</Filter>
    </ClCompile>
    <ClCompile Include="..\src\container\adjacency_factory.cpp">
      <Filter>Tested Code\container</Filter>
    </ClCompile>
    <ClCompile Include="..\src\container\adjacency_list.cpp">
      <Filter>Tested Code\container</Filter>
    </ClCompile>
    <ClCompile Include="..\src\container\adjacency_matrix.cpp">
      <Filter>Tested Code\container</Filter>
    </ClCompile>
    <ClCompile Include="..\src\container\adjacency_weight_list.cpp">
      <Filter>Tested Code\container</Filter>
    </ClCompile>
    <ClCompile Include="..\src\container\kdtree.cpp">
      <Filter>Tested Code\container</Filter>
    </ClCompile>
    <ClCompile Include="..\src\cluster\agglomerative.cpp">
      <Filter>Tested Code\cluster</Filter>
    </ClCompile>
    <ClCompile Include="..\src\cluster\kmedians.cpp">
      <Filter>Tested Code\cluster</Filter>
    </ClCompile>
    <ClCompile Include="..\src\cluster\syncnet.cpp">
      <Filter>Tested Code\cluster</Filter>
    </ClCompile>
    <ClCompile Include="..\src\cluster\xmeans.cpp">
      <Filter>Tested Code\cluster</Filter>
    </ClCompile>
    <ClCompile Include="..\src\differential\differ_factor.cpp">
      <Filter>Tested Code\differential</Filter>
    </ClCompile>
    <ClCompile Include="..\src\nnet\legion.cpp">
      <Filter>Tested Code\nnet</Filter>
    </ClCompile>
    <ClCompile Include="..\src\nnet\pcnn.cpp">
      <Filter>Tested Code\nnet</Filter>
    </ClCompile>
    <ClCompile Include="..\src\nnet\som.cpp">
      <Filter>Tested Code\nnet</Filter>
    </ClCompile>
    <ClCompile Include="..\src\nnet\sync.cpp">
      <Filter>Tested Code\nnet</Filter>
    </ClCompile>
    <ClCompile Include="..\src\nnet\syncpr.cpp">
      <Filter>Tested Code\nnet</Filter>
    </ClCompile>
    <ClCompile Include="..\src\tsp\ant_colony.cpp">
      <Filter>Tested Code\tsp</Filter>
    </ClCompile>
    <ClCompile Include="..\src\tsp\distance_matrix.cpp">
      <Filter>Tested Code\tsp</Filter>
    </ClCompile>
    <ClCompile Include="main.cpp">
      <Filter>Source Files</Filter>
    </ClCompile>
    <ClCompile Include="samples.cpp">
      <Filter>Source Files</Filter>
    </ClCompile>
    <ClCompile Include="..\src\cluster\hsyncnet.cpp">
      <Filter>Tested Code\cluster</Filter>
    </ClCompile>
    <ClCompile Include="..\src\utils.cpp">
      <Filter>Tested Code</Filter>
    </ClCompile>
    <ClCompile Include="..\src\cluster\cluster_algorithm.cpp">
      <Filter>Tested Code\cluster</Filter>
    </ClCompile>
    <ClCompile Include="..\src\cluster\cluster_data.cpp">
      <Filter>Tested Code\cluster</Filter>
    </ClCompile>
    <ClCompile Include="..\src\cluster\kmedoids.cpp">
      <Filter>Tested Code\cluster</Filter>
    </ClCompile>
    <ClCompile Include="..\src\cluster\kmedoids_data.cpp">
      <Filter>Tested Code\cluster</Filter>
    </ClCompile>
    <ClCompile Include="utest-cluster.cpp">
      <Filter>Unit Tests</Filter>
    </ClCompile>
    <ClCompile Include="..\src\cluster\ant_clustering_mean.cpp">
      <Filter>Tested Code\cluster</Filter>
    </ClCompile>
    <ClCompile Include="..\src\cluster\cure.cpp">
      <Filter>Tested Code\cluster</Filter>
    </ClCompile>
    <ClCompile Include="..\src\cluster\cure_data.cpp">
      <Filter>Tested Code\cluster</Filter>
    </ClCompile>
    <ClCompile Include="..\src\cluster\dbscan.cpp">
      <Filter>Tested Code\cluster</Filter>
    </ClCompile>
    <ClCompile Include="..\src\cluster\dbscan_data.cpp">
      <Filter>Tested Code\cluster</Filter>
    </ClCompile>
    <ClCompile Include="..\src\cluster\kmeans.cpp">
      <Filter>Tested Code\cluster</Filter>
    </ClCompile>
    <ClCompile Include="..\src\cluster\kmedians_data.cpp">
      <Filter>Tested Code\cluster</Filter>
    </ClCompile>
    <ClCompile Include="..\src\cluster\rock.cpp">
      <Filter>Tested Code\cluster</Filter>
    </ClCompile>
    <ClCompile Include="..\src\cluster\kmeans_data.cpp">
      <Filter>Tested Code\cluster</Filter>
    </ClCompile>
  </ItemGroup>
  <ItemGroup>
    <ClInclude Include="..\tools\gtest\gtest.h">
      <Filter>TestEnv Source Files</Filter>
    </ClInclude>
    <ClInclude Include="..\src\container\adjacency.hpp">
      <Filter>Tested Code\container</Filter>
    </ClInclude>
    <ClInclude Include="..\src\container\adjacency_bit_matrix.hpp">
      <Filter>Tested Code\container</Filter>
    </ClInclude>
    <ClInclude Include="..\src\container\adjacency_connector.hpp">
      <Filter>Tested Code\container</Filter>
    </ClInclude>
    <ClInclude Include="..\src\container\adjacency_factory.hpp">
      <Filter>Tested Code\container</Filter>
    </ClInclude>
    <ClInclude Include="..\src\container\adjacency_list.hpp">
      <Filter>Tested Code\container</Filter>
    </ClInclude>
    <ClInclude Include="..\src\container\adjacency_matrix.hpp">
      <Filter>Tested Code\container</Filter>
    </ClInclude>
    <ClInclude Include="..\src\container\adjacency_weight_list.hpp">
      <Filter>Tested Code\container</Filter>
    </ClInclude>
    <ClInclude Include="..\src\container\dynamic_data.hpp">
      <Filter>Tested Code\container</Filter>
    </ClInclude>
    <ClInclude Include="..\src\container\ensemble_data.hpp">
      <Filter>Tested Code\container</Filter>
    </ClInclude>
    <ClInclude Include="..\src\container\kdtree.hpp">
      <Filter>Tested Code\container</Filter>
    </ClInclude>
    <ClInclude Include="..\src\cluster\agglomerative.hpp">
      <Filter>Tested Code\cluster</Filter>
    </ClInclude>
    <ClInclude Include="..\src\cluster\kmedians.hpp">
      <Filter>Tested Code\cluster</Filter>
    </ClInclude>
    <ClInclude Include="..\src\cluster\syncnet.hpp">
      <Filter>Tested Code\cluster</Filter>
    </ClInclude>
    <ClInclude Include="..\src\cluster\xmeans.hpp">
      <Filter>Tested Code\cluster</Filter>
    </ClInclude>
    <ClInclude Include="..\src\differential\differ_factor.hpp">
      <Filter>Tested Code\differential</Filter>
    </ClInclude>
    <ClInclude Include="..\src\differential\differ_state.hpp">
      <Filter>Tested Code\differential</Filter>
    </ClInclude>
    <ClInclude Include="..\src\differential\runge_kutta_4.hpp">
      <Filter>Tested Code\differential</Filter>
    </ClInclude>
    <ClInclude Include="..\src\differential\runge_kutta_fehlberg_45.hpp">
      <Filter>Tested Code\differential</Filter>
    </ClInclude>
    <ClInclude Include="..\src\nnet\legion.hpp">
      <Filter>Tested Code\nnet</Filter>
    </ClInclude>
    <ClInclude Include="..\src\nnet\network.hpp">
      <Filter>Tested Code\nnet</Filter>
    </ClInclude>
    <ClInclude Include="..\src\nnet\pcnn.hpp">
      <Filter>Tested Code\nnet</Filter>
    </ClInclude>
    <ClInclude Include="..\src\nnet\som.hpp">
      <Filter>Tested Code\nnet</Filter>
    </ClInclude>
    <ClInclude Include="..\src\nnet\sync.hpp">
      <Filter>Tested Code\nnet</Filter>
    </ClInclude>
    <ClInclude Include="..\src\nnet\syncpr.hpp">
      <Filter>Tested Code\nnet</Filter>
    </ClInclude>
    <ClInclude Include="..\src\tsp\ant_colony.hpp">
      <Filter>Tested Code\tsp</Filter>
    </ClInclude>
    <ClInclude Include="..\src\tsp\ant_colony_params.hpp">
      <Filter>Tested Code\tsp</Filter>
    </ClInclude>
    <ClInclude Include="..\src\tsp\distance_matrix.hpp">
      <Filter>Tested Code\tsp</Filter>
    </ClInclude>
    <ClInclude Include="..\src\tsp\params_container.hpp">
      <Filter>Tested Code\tsp</Filter>
    </ClInclude>
    <ClInclude Include="utest_adjacency_connector.hpp">
      <Filter>Unit Tests</Filter>
    </ClInclude>
    <ClInclude Include="utest-adjacency.hpp">
      <Filter>Unit Tests</Filter>
    </ClInclude>
    <ClInclude Include="utest-adjacency_bit_matrix.hpp">
      <Filter>Unit Tests</Filter>
    </ClInclude>
    <ClInclude Include="utest-adjacency_list.hpp">
      <Filter>Unit Tests</Filter>
    </ClInclude>
    <ClInclude Include="utest-adjacency_matrix.hpp">
      <Filter>Unit Tests</Filter>
    </ClInclude>
    <ClInclude Include="utest-adjacency_weight_list.hpp">
      <Filter>Unit Tests</Filter>
    </ClInclude>
    <ClInclude Include="utest-agglomerative.hpp">
      <Filter>Unit Tests</Filter>
    </ClInclude>
    <ClInclude Include="utest-ant_colony.hpp">
      <Filter>Unit Tests</Filter>
    </ClInclude>
    <ClInclude Include="utest-differential.hpp">
      <Filter>Unit Tests</Filter>
    </ClInclude>
    <ClInclude Include="utest-hsyncnet.hpp">
      <Filter>Unit Tests</Filter>
    </ClInclude>
    <ClInclude Include="utest-kdtree.hpp">
      <Filter>Unit Tests</Filter>
    </ClInclude>
    <ClInclude Include="utest-kmedians.hpp">
      <Filter>Unit Tests</Filter>
    </ClInclude>
    <ClInclude Include="utest-legion.hpp">
      <Filter>Unit Tests</Filter>
    </ClInclude>
    <ClInclude Include="utest-pcnn.hpp">
      <Filter>Unit Tests</Filter>
    </ClInclude>
    <ClInclude Include="utest-som.hpp">
      <Filter>Unit Tests</Filter>
    </ClInclude>
    <ClInclude Include="utest-sync.hpp">
      <Filter>Unit Tests</Filter>
    </ClInclude>
    <ClInclude Include="utest-syncnet.hpp">
      <Filter>Unit Tests</Filter>
    </ClInclude>
    <ClInclude Include="utest-syncpr.hpp">
      <Filter>Unit Tests</Filter>
    </ClInclude>
    <ClInclude Include="utest-xmeans.hpp">
      <Filter>Unit Tests</Filter>
    </ClInclude>
    <ClInclude Include="samples.hpp">
      <Filter>Source Files</Filter>
    </ClInclude>
    <ClInclude Include="..\src\cluster\hsyncnet.hpp">
      <Filter>Tested Code\cluster</Filter>
    </ClInclude>
    <ClInclude Include="..\src\utils.hpp">
      <Filter>Tested Code</Filter>
    </ClInclude>
    <ClInclude Include="..\src\cluster\cluster_algorithm.hpp">
      <Filter>Tested Code\cluster</Filter>
    </ClInclude>
    <ClInclude Include="..\src\cluster\cluster_data.hpp">
      <Filter>Tested Code\cluster</Filter>
    </ClInclude>
    <ClInclude Include="..\src\cluster\kmedoids.hpp">
      <Filter>Tested Code\cluster</Filter>
    </ClInclude>
    <ClInclude Include="..\src\cluster\kmedoids_data.hpp">
      <Filter>Tested Code\cluster</Filter>
    </ClInclude>
    <ClInclude Include="..\src\definitions.hpp">
      <Filter>Tested Code</Filter>
    </ClInclude>
    <ClInclude Include="utest-cluster.hpp">
      <Filter>Unit Tests</Filter>
    </ClInclude>
    <ClInclude Include="utest-kmedoids.hpp">
      <Filter>Unit Tests</Filter>
    </ClInclude>
    <ClInclude Include="..\src\cluster\ant_clustering_mean.hpp">
      <Filter>Tested Code\cluster</Filter>
    </ClInclude>
    <ClInclude Include="..\src\cluster\ant_clustering_params.hpp">
      <Filter>Tested Code\cluster</Filter>
    </ClInclude>
    <ClInclude Include="..\src\cluster\cure.hpp">
      <Filter>Tested Code\cluster</Filter>
    </ClInclude>
    <ClInclude Include="..\src\cluster\cure_data.hpp">
      <Filter>Tested Code\cluster</Filter>
    </ClInclude>
    <ClInclude Include="..\src\cluster\dbscan.hpp">
      <Filter>Tested Code\cluster</Filter>
    </ClInclude>
    <ClInclude Include="..\src\cluster\dbscan_data.hpp">
      <Filter>Tested Code\cluster</Filter>
    </ClInclude>
    <ClInclude Include="..\src\cluster\kmeans.hpp">
      <Filter>Tested Code\cluster</Filter>
    </ClInclude>
    <ClInclude Include="..\src\cluster\kmedians_data.hpp">
      <Filter>Tested Code\cluster</Filter>
    </ClInclude>
    <ClInclude Include="..\src\cluster\rock.hpp">
      <Filter>Tested Code\cluster</Filter>
    </ClInclude>
    <ClInclude Include="utest-ant_clustering.hpp">
      <Filter>Unit Tests</Filter>
    </ClInclude>
    <ClInclude Include="utest-cure.hpp">
      <Filter>Unit Tests</Filter>
    </ClInclude>
    <ClInclude Include="utest-dbscan.hpp">
      <Filter>Unit Tests</Filter>
    </ClInclude>
    <ClInclude Include="utest-rock.hpp">
      <Filter>Unit Tests</Filter>
    </ClInclude>
    <ClInclude Include="..\src\cluster\kmeans_data.hpp">
      <Filter>Tested Code\cluster</Filter>
    </ClInclude>
    <ClInclude Include="utest-kmeans.hpp">
      <Filter>Unit Tests</Filter>
    </ClInclude>
  </ItemGroup>
</Project>