<?xml version="1.0" encoding="utf-8"?>
<Project ToolsVersion="4.0" xmlns="http://schemas.microsoft.com/developer/msbuild/2003">
  <ItemGroup>
    <Filter Include="Unit Tests">
      <UniqueIdentifier>{93995380-89BD-4b04-88EB-625FBE52EBFB}</UniqueIdentifier>
      <Extensions>h;hh;hpp;hxx;hm;inl;inc;xsd</Extensions>
    </Filter>
    <Filter Include="Tested Code">
      <UniqueIdentifier>{4343b34d-feaf-4ef4-ad0f-fd895a07f7c8}</UniqueIdentifier>
    </Filter>
    <Filter Include="Tested Code\container">
      <UniqueIdentifier>{699d8c5c-9f08-4fb9-a3d9-e1b5e7679984}</UniqueIdentifier>
    </Filter>
    <Filter Include="Tested Code\cluster">
      <UniqueIdentifier>{4babe04d-4ed0-479a-b15f-0e6656f21871}</UniqueIdentifier>
    </Filter>
    <Filter Include="Tested Code\differential">
      <UniqueIdentifier>{723ea346-3058-4760-aad3-db0d027c0821}</UniqueIdentifier>
    </Filter>
    <Filter Include="Tested Code\nnet">
      <UniqueIdentifier>{27e24ed9-e9c4-43ab-ac00-726835a7e1be}</UniqueIdentifier>
    </Filter>
    <Filter Include="Tested Code\interface">
      <UniqueIdentifier>{5b5b6ac0-dc7c-434f-af9f-84ad933180f0}</UniqueIdentifier>
    </Filter>
    <Filter Include="Tested Code\parallel">
      <UniqueIdentifier>{89fa589a-cf54-4435-bfe7-13fb0a840d39}</UniqueIdentifier>
    </Filter>
    <Filter Include="Tested Code\utils">
      <UniqueIdentifier>{74e6578f-f3e3-42b5-81f6-3c12a3435e94}</UniqueIdentifier>
    </Filter>
    <Filter Include="Google Test Framework">
      <UniqueIdentifier>{9c57f161-4c1e-4636-bce0-4c7f5277b6ab}</UniqueIdentifier>
    </Filter>
    <Filter Include="Unit Tests\Utils">
      <UniqueIdentifier>{4FC737F1-C7A5-4376-A066-2A32D752A2FF}</UniqueIdentifier>
      <Extensions>cpp;c;cc;cxx;def;odl;idl;hpj;bat;asm;asmx</Extensions>
    </Filter>
  </ItemGroup>
  <ItemGroup>
    <ClCompile Include="main.cpp">
      <Filter>Unit Tests\Utils</Filter>
    </ClCompile>
    <ClCompile Include="samples.cpp">
      <Filter>Unit Tests\Utils</Filter>
    </ClCompile>
    <ClCompile Include="utest-adjacency.cpp">
      <Filter>Unit Tests</Filter>
    </ClCompile>
    <ClCompile Include="utest-adjacency_bit_matrix.cpp">
      <Filter>Unit Tests</Filter>
    </ClCompile>
    <ClCompile Include="utest-adjacency_connector.cpp">
      <Filter>Unit Tests</Filter>
    </ClCompile>
    <ClCompile Include="utest-adjacency_list.cpp">
      <Filter>Unit Tests</Filter>
    </ClCompile>
    <ClCompile Include="utest-adjacency_matrix.cpp">
      <Filter>Unit Tests</Filter>
    </ClCompile>
    <ClCompile Include="utest-adjacency_weight_list.cpp">
      <Filter>Unit Tests</Filter>
    </ClCompile>
    <ClCompile Include="utest-agglomerative.cpp">
      <Filter>Unit Tests</Filter>
    </ClCompile>
    <ClCompile Include="utest-cure.cpp">
      <Filter>Unit Tests</Filter>
    </ClCompile>
    <ClCompile Include="utest-dbscan.cpp">
      <Filter>Unit Tests</Filter>
    </ClCompile>
    <ClCompile Include="utest-differential.cpp">
      <Filter>Unit Tests</Filter>
    </ClCompile>
    <ClCompile Include="utest-hsyncnet.cpp">
      <Filter>Unit Tests</Filter>
    </ClCompile>
    <ClCompile Include="utest-interface-xmeans.cpp">
      <Filter>Unit Tests</Filter>
    </ClCompile>
    <ClCompile Include="utest-kdtree.cpp">
      <Filter>Unit Tests</Filter>
    </ClCompile>
    <ClCompile Include="utest-kmeans.cpp">
      <Filter>Unit Tests</Filter>
    </ClCompile>
    <ClCompile Include="utest-kmedians.cpp">
      <Filter>Unit Tests</Filter>
    </ClCompile>
    <ClCompile Include="utest-kmedoids.cpp">
      <Filter>Unit Tests</Filter>
    </ClCompile>
    <ClCompile Include="utest-legion.cpp">
      <Filter>Unit Tests</Filter>
    </ClCompile>
    <ClCompile Include="utest-optics.cpp">
      <Filter>Unit Tests</Filter>
    </ClCompile>
    <ClCompile Include="utest-ordering_analyser.cpp">
      <Filter>Unit Tests</Filter>
    </ClCompile>
    <ClCompile Include="utest-pcnn.cpp">
      <Filter>Unit Tests</Filter>
    </ClCompile>
    <ClCompile Include="utest-rock.cpp">
      <Filter>Unit Tests</Filter>
    </ClCompile>
    <ClCompile Include="utest-som.cpp">
      <Filter>Unit Tests</Filter>
    </ClCompile>
    <ClCompile Include="utest-somsc.cpp">
      <Filter>Unit Tests</Filter>
    </ClCompile>
    <ClCompile Include="utest-sync.cpp">
      <Filter>Unit Tests</Filter>
    </ClCompile>
    <ClCompile Include="utest-syncnet.cpp">
      <Filter>Unit Tests</Filter>
    </ClCompile>
    <ClCompile Include="utest-syncpr.cpp">
      <Filter>Unit Tests</Filter>
    </ClCompile>
    <ClCompile Include="utest-xmeans.cpp">
      <Filter>Unit Tests</Filter>
    </ClCompile>
    <ClCompile Include="utest-pyclustering.cpp">
      <Filter>Unit Tests</Filter>
    </ClCompile>
    <ClCompile Include="utest-interface-cure.cpp">
      <Filter>Unit Tests</Filter>
    </ClCompile>
    <ClCompile Include="utest-interface-dbscan.cpp">
      <Filter>Unit Tests</Filter>
    </ClCompile>
    <ClCompile Include="utest-interface-pcnn.cpp">
      <Filter>Unit Tests</Filter>
    </ClCompile>
    <ClCompile Include="utest-interface-agglomerative.cpp">
      <Filter>Unit Tests</Filter>
    </ClCompile>
    <ClCompile Include="utest-interface-kmeans.cpp">
      <Filter>Unit Tests</Filter>
    </ClCompile>
    <ClCompile Include="utest-interface-syncpr.cpp">
      <Filter>Unit Tests</Filter>
    </ClCompile>
    <ClCompile Include="utest-interface-legion.cpp">
      <Filter>Unit Tests</Filter>
    </ClCompile>
    <ClCompile Include="utest-interface-metric.cpp">
      <Filter>Unit Tests</Filter>
    </ClCompile>
    <ClCompile Include="utest-interface-kmedians.cpp">
      <Filter>Unit Tests</Filter>
    </ClCompile>
    <ClCompile Include="utest-interface-kmedoids.cpp">
      <Filter>Unit Tests</Filter>
    </ClCompile>
    <ClCompile Include="utest-interface-syncnet.cpp">
      <Filter>Unit Tests</Filter>
    </ClCompile>
    <ClCompile Include="utest-interface-hsyncnet.cpp">
      <Filter>Unit Tests</Filter>
    </ClCompile>
    <ClCompile Include="utest-interface-sync.cpp">
      <Filter>Unit Tests</Filter>
    </ClCompile>
    <ClCompile Include="utest-interface-som.cpp">
      <Filter>Unit Tests</Filter>
    </ClCompile>
    <ClCompile Include="utest-interface-optics.cpp">
      <Filter>Unit Tests</Filter>
    </ClCompile>
    <ClCompile Include="utest-thread_pool.cpp">
      <Filter>Unit Tests</Filter>
    </ClCompile>
    <ClCompile Include="utest-hhn.cpp">
      <Filter>Unit Tests</Filter>
    </ClCompile>
    <ClCompile Include="utest-dynamic_analyser.cpp">
      <Filter>Unit Tests</Filter>
    </ClCompile>
    <ClCompile Include="utenv_check.cpp">
      <Filter>Unit Tests\Utils</Filter>
    </ClCompile>
    <ClCompile Include="utenv_utils.cpp">
      <Filter>Unit Tests\Utils</Filter>
    </ClCompile>
    <ClCompile Include="utest-interface-hhn.cpp">
      <Filter>Unit Tests</Filter>
    </ClCompile>
    <ClCompile Include="utest-kmeans_plus_plus.cpp">
      <Filter>Unit Tests</Filter>
    </ClCompile>
    <ClCompile Include="utest-utils-metric.cpp">
      <Filter>Unit Tests</Filter>
    </ClCompile>
    <ClCompile Include="utest-bsas.cpp">
      <Filter>Unit Tests</Filter>
    </ClCompile>
    <ClCompile Include="utest-mbsas.cpp">
      <Filter>Unit Tests</Filter>
    </ClCompile>
    <ClCompile Include="utest-ttsas.cpp">
      <Filter>Unit Tests</Filter>
    </ClCompile>
    <ClCompile Include="utest-interface-bsas.cpp">
      <Filter>Unit Tests</Filter>
    </ClCompile>
    <ClCompile Include="utest-interface-mbsas.cpp">
      <Filter>Unit Tests</Filter>
    </ClCompile>
    <ClCompile Include="utest-interface-ttsas.cpp">
      <Filter>Unit Tests</Filter>
    </ClCompile>
    <ClCompile Include="..\external\include\gtest\gtest-all.cpp">
      <Filter>Google Test Framework</Filter>
    </ClCompile>
    <ClCompile Include="utest-parallel_for.cpp">
      <Filter>Unit Tests</Filter>
    </ClCompile>
    <ClCompile Include="utest-spinlock.cpp">
      <Filter>Unit Tests</Filter>
    </ClCompile>
    <ClCompile Include="utest-elbow.cpp">
      <Filter>Unit Tests</Filter>
    </ClCompile>
    <ClCompile Include="utest-interface-elbow.cpp">
      <Filter>Unit Tests</Filter>
    </ClCompile>
    <ClCompile Include="utest-clique.cpp">
      <Filter>Unit Tests</Filter>
    </ClCompile>
    <ClCompile Include="utest-interface-clique.cpp">
      <Filter>Unit Tests</Filter>
    </ClCompile>
    <ClCompile Include="answer_reader.cpp">
      <Filter>Unit Tests\Utils</Filter>
    </ClCompile>
    <ClCompile Include="utest-silhouette.cpp">
      <Filter>Unit Tests</Filter>
    </ClCompile>
    <ClCompile Include="utest-silhouette_ksearch.cpp">
      <Filter>Unit Tests</Filter>
    </ClCompile>
    <ClCompile Include="utest-interface-silhouette.cpp">
      <Filter>Unit Tests</Filter>
    </ClCompile>
    <ClCompile Include="utest-fcm.cpp">
      <Filter>Unit Tests</Filter>
    </ClCompile>
    <ClCompile Include="utest-interface-fcm.cpp">
      <Filter>Unit Tests</Filter>
    </ClCompile>
    <ClCompile Include="utest-stats.cpp">
      <Filter>Unit Tests</Filter>
    </ClCompile>
    <ClCompile Include="utest-linalg.cpp">
      <Filter>Unit Tests</Filter>
    </ClCompile>
    <ClCompile Include="utest-gmeans.cpp">
      <Filter>Unit Tests</Filter>
    </ClCompile>
    <ClCompile Include="utest-interface-gmeans.cpp">
      <Filter>Unit Tests</Filter>
    </ClCompile>
    <ClCompile Include="..\src\cluster\agglomerative.cpp">
      <Filter>Tested Code\cluster</Filter>
    </ClCompile>
    <ClCompile Include="..\src\cluster\bsas.cpp">
      <Filter>Tested Code\cluster</Filter>
    </ClCompile>
    <ClCompile Include="..\src\cluster\clique.cpp">
      <Filter>Tested Code\cluster</Filter>
    </ClCompile>
    <ClCompile Include="..\src\cluster\clique_block.cpp">
      <Filter>Tested Code\cluster</Filter>
    </ClCompile>
    <ClCompile Include="..\src\cluster\cluster_data.cpp">
      <Filter>Tested Code\cluster</Filter>
    </ClCompile>
    <ClCompile Include="..\src\cluster\cure.cpp">
      <Filter>Tested Code\cluster</Filter>
    </ClCompile>
    <ClCompile Include="..\src\cluster\dbscan.cpp">
      <Filter>Tested Code\cluster</Filter>
    </ClCompile>
    <ClCompile Include="..\src\cluster\fcm.cpp">
      <Filter>Tested Code\cluster</Filter>
    </ClCompile>
    <ClCompile Include="..\src\cluster\gmeans.cpp">
      <Filter>Tested Code\cluster</Filter>
    </ClCompile>
    <ClCompile Include="..\src\cluster\hsyncnet.cpp">
      <Filter>Tested Code\cluster</Filter>
    </ClCompile>
    <ClCompile Include="..\src\cluster\kmeans.cpp">
      <Filter>Tested Code\cluster</Filter>
    </ClCompile>
    <ClCompile Include="..\src\cluster\kmeans_data.cpp">
      <Filter>Tested Code\cluster</Filter>
    </ClCompile>
    <ClCompile Include="..\src\cluster\kmeans_plus_plus.cpp">
      <Filter>Tested Code\cluster</Filter>
    </ClCompile>
    <ClCompile Include="..\src\cluster\kmedians.cpp">
      <Filter>Tested Code\cluster</Filter>
    </ClCompile>
    <ClCompile Include="..\src\cluster\kmedoids.cpp">
      <Filter>Tested Code\cluster</Filter>
    </ClCompile>
    <ClCompile Include="..\src\cluster\mbsas.cpp">
      <Filter>Tested Code\cluster</Filter>
    </ClCompile>
    <ClCompile Include="..\src\cluster\optics.cpp">
      <Filter>Tested Code\cluster</Filter>
    </ClCompile>
    <ClCompile Include="..\src\cluster\optics_descriptor.cpp">
      <Filter>Tested Code\cluster</Filter>
    </ClCompile>
    <ClCompile Include="..\src\cluster\ordering_analyser.cpp">
      <Filter>Tested Code\cluster</Filter>
    </ClCompile>
    <ClCompile Include="..\src\cluster\random_center_initializer.cpp">
      <Filter>Tested Code\cluster</Filter>
    </ClCompile>
    <ClCompile Include="..\src\cluster\rock.cpp">
      <Filter>Tested Code\cluster</Filter>
    </ClCompile>
    <ClCompile Include="..\src\cluster\silhouette.cpp">
      <Filter>Tested Code\cluster</Filter>
    </ClCompile>
    <ClCompile Include="..\src\cluster\silhouette_ksearch.cpp">
      <Filter>Tested Code\cluster</Filter>
    </ClCompile>
    <ClCompile Include="..\src\cluster\somsc.cpp">
      <Filter>Tested Code\cluster</Filter>
    </ClCompile>
    <ClCompile Include="..\src\cluster\syncnet.cpp">
      <Filter>Tested Code\cluster</Filter>
    </ClCompile>
    <ClCompile Include="..\src\cluster\ttsas.cpp">
      <Filter>Tested Code\cluster</Filter>
    </ClCompile>
    <ClCompile Include="..\src\cluster\xmeans.cpp">
      <Filter>Tested Code\cluster</Filter>
    </ClCompile>
    <ClCompile Include="..\src\container\adjacency_bit_matrix.cpp">
      <Filter>Tested Code\container</Filter>
    </ClCompile>
    <ClCompile Include="..\src\container\adjacency_connector.cpp">
      <Filter>Tested Code\container</Filter>
    </ClCompile>
    <ClCompile Include="..\src\container\adjacency_factory.cpp">
      <Filter>Tested Code\container</Filter>
    </ClCompile>
    <ClCompile Include="..\src\container\adjacency_list.cpp">
      <Filter>Tested Code\container</Filter>
    </ClCompile>
    <ClCompile Include="..\src\container\adjacency_matrix.cpp">
      <Filter>Tested Code\container</Filter>
    </ClCompile>
    <ClCompile Include="..\src\container\adjacency_weight_list.cpp">
      <Filter>Tested Code\container</Filter>
    </ClCompile>
    <ClCompile Include="..\src\container\kdnode.cpp">
      <Filter>Tested Code\container</Filter>
    </ClCompile>
    <ClCompile Include="..\src\container\kdtree.cpp">
      <Filter>Tested Code\container</Filter>
    </ClCompile>
    <ClCompile Include="..\src\differential\differ_factor.cpp">
      <Filter>Tested Code\differential</Filter>
    </ClCompile>
    <ClCompile Include="..\src\interface\agglomerative_interface.cpp">
      <Filter>Tested Code\interface</Filter>
    </ClCompile>
    <ClCompile Include="..\src\interface\bsas_interface.cpp">
      <Filter>Tested Code\interface</Filter>
    </ClCompile>
    <ClCompile Include="..\src\interface\clique_interface.cpp">
      <Filter>Tested Code\interface</Filter>
    </ClCompile>
    <ClCompile Include="..\src\interface\cure_interface.cpp">
      <Filter>Tested Code\interface</Filter>
    </ClCompile>
    <ClCompile Include="..\src\interface\dbscan_interface.cpp">
      <Filter>Tested Code\interface</Filter>
    </ClCompile>
    <ClCompile Include="..\src\interface\elbow_interface.cpp">
      <Filter>Tested Code\interface</Filter>
    </ClCompile>
    <ClCompile Include="..\src\interface\fcm_interface.cpp">
      <Filter>Tested Code\interface</Filter>
    </ClCompile>
    <ClCompile Include="..\src\interface\gmeans_interface.cpp">
      <Filter>Tested Code\interface</Filter>
    </ClCompile>
    <ClCompile Include="..\src\interface\hhn_interface.cpp">
      <Filter>Tested Code\interface</Filter>
    </ClCompile>
    <ClCompile Include="..\src\interface\hsyncnet_interface.cpp">
      <Filter>Tested Code\interface</Filter>
    </ClCompile>
    <ClCompile Include="..\src\interface\interface_property.cpp">
      <Filter>Tested Code\interface</Filter>
    </ClCompile>
    <ClCompile Include="..\src\interface\kmeans_interface.cpp">
      <Filter>Tested Code\interface</Filter>
    </ClCompile>
    <ClCompile Include="..\src\interface\kmedians_interface.cpp">
      <Filter>Tested Code\interface</Filter>
    </ClCompile>
    <ClCompile Include="..\src\interface\kmedoids_interface.cpp">
      <Filter>Tested Code\interface</Filter>
    </ClCompile>
    <ClCompile Include="..\src\interface\legion_interface.cpp">
      <Filter>Tested Code\interface</Filter>
    </ClCompile>
    <ClCompile Include="..\src\interface\mbsas_interface.cpp">
      <Filter>Tested Code\interface</Filter>
    </ClCompile>
    <ClCompile Include="..\src\interface\metric_interface.cpp">
      <Filter>Tested Code\interface</Filter>
    </ClCompile>
    <ClCompile Include="..\src\interface\optics_interface.cpp">
      <Filter>Tested Code\interface</Filter>
    </ClCompile>
    <ClCompile Include="..\src\interface\pcnn_interface.cpp">
      <Filter>Tested Code\interface</Filter>
    </ClCompile>
    <ClCompile Include="..\src\interface\pyclustering_interface.cpp">
      <Filter>Tested Code\interface</Filter>
    </ClCompile>
    <ClCompile Include="..\src\interface\pyclustering_package.cpp">
      <Filter>Tested Code\interface</Filter>
    </ClCompile>
    <ClCompile Include="..\src\interface\rock_interface.cpp">
      <Filter>Tested Code\interface</Filter>
    </ClCompile>
    <ClCompile Include="..\src\interface\silhouette_interface.cpp">
      <Filter>Tested Code\interface</Filter>
    </ClCompile>
    <ClCompile Include="..\src\interface\som_interface.cpp">
      <Filter>Tested Code\interface</Filter>
    </ClCompile>
    <ClCompile Include="..\src\interface\sync_interface.cpp">
      <Filter>Tested Code\interface</Filter>
    </ClCompile>
    <ClCompile Include="..\src\interface\syncnet_interface.cpp">
      <Filter>Tested Code\interface</Filter>
    </ClCompile>
    <ClCompile Include="..\src\interface\syncpr_interface.cpp">
      <Filter>Tested Code\interface</Filter>
    </ClCompile>
    <ClCompile Include="..\src\interface\ttsas_interface.cpp">
      <Filter>Tested Code\interface</Filter>
    </ClCompile>
    <ClCompile Include="..\src\interface\xmeans_interface.cpp">
      <Filter>Tested Code\interface</Filter>
    </ClCompile>
    <ClCompile Include="..\src\nnet\dynamic_analyser.cpp">
      <Filter>Tested Code\nnet</Filter>
    </ClCompile>
    <ClCompile Include="..\src\nnet\hhn.cpp">
      <Filter>Tested Code\nnet</Filter>
    </ClCompile>
    <ClCompile Include="..\src\nnet\legion.cpp">
      <Filter>Tested Code\nnet</Filter>
    </ClCompile>
    <ClCompile Include="..\src\nnet\pcnn.cpp">
      <Filter>Tested Code\nnet</Filter>
    </ClCompile>
    <ClCompile Include="..\src\nnet\som.cpp">
      <Filter>Tested Code\nnet</Filter>
    </ClCompile>
    <ClCompile Include="..\src\nnet\sync.cpp">
      <Filter>Tested Code\nnet</Filter>
    </ClCompile>
    <ClCompile Include="..\src\nnet\syncpr.cpp">
      <Filter>Tested Code\nnet</Filter>
    </ClCompile>
    <ClCompile Include="..\src\parallel\spinlock.cpp">
      <Filter>Tested Code\parallel</Filter>
    </ClCompile>
    <ClCompile Include="..\src\parallel\task.cpp">
      <Filter>Tested Code\parallel</Filter>
    </ClCompile>
    <ClCompile Include="..\src\parallel\thread_executor.cpp">
      <Filter>Tested Code\parallel</Filter>
    </ClCompile>
    <ClCompile Include="..\src\parallel\thread_pool.cpp">
      <Filter>Tested Code\parallel</Filter>
    </ClCompile>
    <ClCompile Include="..\src\utils\linalg.cpp">
      <Filter>Tested Code\utils</Filter>
    </ClCompile>
    <ClCompile Include="..\src\utils\math.cpp">
      <Filter>Tested Code\utils</Filter>
    </ClCompile>
    <ClCompile Include="..\src\utils\metric.cpp">
      <Filter>Tested Code\utils</Filter>
    </ClCompile>
    <ClCompile Include="..\src\utils\random.cpp">
      <Filter>Tested Code\utils</Filter>
    </ClCompile>
    <ClCompile Include="..\src\utils\stats.cpp">
      <Filter>Tested Code\utils</Filter>
    </ClCompile>
    <ClCompile Include="..\src\container\kdtree_searcher.cpp">
      <Filter>Tested Code\container</Filter>
    </ClCompile>
    <ClCompile Include="..\src\container\kdtree_balanced.cpp">
      <Filter>Tested Code\container</Filter>
    </ClCompile>
    <ClCompile Include="utest-utils-algorithm.cpp">
      <Filter>Unit Tests</Filter>
    </ClCompile>
    <ClCompile Include="utest-random_center_initializer.cpp">
      <Filter>Unit Tests</Filter>
    </ClCompile>
    <ClCompile Include="..\src\cluster\silhouette_ksearch_data.cpp">
      <Filter>Tested Code\cluster</Filter>
    </ClCompile>
  </ItemGroup>
  <ItemGroup>
    <ClInclude Include="samples.hpp">
      <Filter>Unit Tests\Utils</Filter>
    </ClInclude>
    <ClInclude Include="utest-adjacency.hpp">
      <Filter>Unit Tests</Filter>
    </ClInclude>
    <ClInclude Include="utenv_check.hpp">
      <Filter>Unit Tests\Utils</Filter>
    </ClInclude>
    <ClInclude Include="utenv_utils.hpp">
      <Filter>Unit Tests\Utils</Filter>
    </ClInclude>
    <ClInclude Include="..\external\include\gtest\gtest.h">
      <Filter>Google Test Framework</Filter>
    </ClInclude>
    <ClInclude Include="utest-elbow.hpp">
      <Filter>Unit Tests</Filter>
    </ClInclude>
    <ClInclude Include="answer_reader.hpp">
      <Filter>Unit Tests\Utils</Filter>
    </ClInclude>
    <ClInclude Include="answer.hpp">
      <Filter>Unit Tests\Utils</Filter>
    </ClInclude>
  </ItemGroup>
</Project>