<?xml version="1.0" encoding="utf-8"?>
<Project ToolsVersion="4.0" xmlns="http://schemas.microsoft.com/developer/msbuild/2003">
  <ItemGroup>
    <Filter Include="Source Files">
      <UniqueIdentifier>{4FC737F1-C7A5-4376-A066-2A32D752A2FF}</UniqueIdentifier>
      <Extensions>cpp;c;cc;cxx;def;odl;idl;hpj;bat;asm;asmx</Extensions>
    </Filter>
    <Filter Include="Source Files\container">
      <UniqueIdentifier>{b049935d-18a9-46a2-8d26-e7a0c66e121f}</UniqueIdentifier>
    </Filter>
    <Filter Include="Source Files\nnet">
      <UniqueIdentifier>{749e2e3a-5a11-4f48-93bf-20968207d439}</UniqueIdentifier>
    </Filter>
    <Filter Include="Source Files\differential">
      <UniqueIdentifier>{3f3cff3c-f601-4c65-b7ac-a1b129961edf}</UniqueIdentifier>
    </Filter>
    <Filter Include="Source Files\interface">
      <UniqueIdentifier>{5a874dd2-576d-4bcf-b7d4-6a05ffc32138}</UniqueIdentifier>
    </Filter>
    <Filter Include="Source Files\parallel">
      <UniqueIdentifier>{365c5d13-b65a-4bc5-bdfe-63b4ecd03660}</UniqueIdentifier>
    </Filter>
    <Filter Include="Source Files\utils">
      <UniqueIdentifier>{348cf7ab-8c40-440d-ab36-cf1a431c5990}</UniqueIdentifier>
    </Filter>
    <Filter Include="Source Files\cluster">
      <UniqueIdentifier>{6bc3791c-798d-4bd4-bbf2-881ca9dc1b7c}</UniqueIdentifier>
    </Filter>
    <Filter Include="Header Files">
      <UniqueIdentifier>{5c82754f-e3d3-441c-b073-64632c0c58d7}</UniqueIdentifier>
    </Filter>
    <Filter Include="Header Files\cluster">
      <UniqueIdentifier>{e86bd867-c3a9-44b6-80bc-76e14df6f56d}</UniqueIdentifier>
    </Filter>
    <Filter Include="Header Files\container">
      <UniqueIdentifier>{c297bd6e-d93d-4ae2-a4a7-9e15722ce1a9}</UniqueIdentifier>
    </Filter>
    <Filter Include="Header Files\differential">
      <UniqueIdentifier>{fe26475c-06a3-4881-bc27-353124bcfeee}</UniqueIdentifier>
    </Filter>
    <Filter Include="Header Files\interface">
      <UniqueIdentifier>{5e475696-1ea9-4410-bc73-fda5505b7b20}</UniqueIdentifier>
    </Filter>
    <Filter Include="Header Files\nnet">
      <UniqueIdentifier>{85db3375-537d-484e-90ac-fccccbfd70a9}</UniqueIdentifier>
    </Filter>
    <Filter Include="Header Files\parallel">
      <UniqueIdentifier>{9447ecd9-9074-4644-8243-834b456b6637}</UniqueIdentifier>
    </Filter>
    <Filter Include="Header Files\utils">
      <UniqueIdentifier>{54502723-8a68-4e0c-b69b-b707d2fa9286}</UniqueIdentifier>
    </Filter>
  </ItemGroup>
  <ItemGroup>
    <ClCompile Include="container\adjacency_bit_matrix.cpp">
      <Filter>Source Files\container</Filter>
    </ClCompile>
    <ClCompile Include="container\adjacency_connector.cpp">
      <Filter>Source Files\container</Filter>
    </ClCompile>
    <ClCompile Include="container\adjacency_factory.cpp">
      <Filter>Source Files\container</Filter>
    </ClCompile>
    <ClCompile Include="container\adjacency_list.cpp">
      <Filter>Source Files\container</Filter>
    </ClCompile>
    <ClCompile Include="container\adjacency_matrix.cpp">
      <Filter>Source Files\container</Filter>
    </ClCompile>
    <ClCompile Include="container\adjacency_weight_list.cpp">
      <Filter>Source Files\container</Filter>
    </ClCompile>
    <ClCompile Include="container\kdtree.cpp">
      <Filter>Source Files\container</Filter>
    </ClCompile>
    <ClCompile Include="differential\differ_factor.cpp">
      <Filter>Source Files\differential</Filter>
    </ClCompile>
    <ClCompile Include="container\kdnode.cpp">
      <Filter>Source Files\container</Filter>
    </ClCompile>
    <ClCompile Include="cluster\agglomerative.cpp">
      <Filter>Source Files\cluster</Filter>
    </ClCompile>
    <ClCompile Include="cluster\bsas.cpp">
      <Filter>Source Files\cluster</Filter>
    </ClCompile>
    <ClCompile Include="cluster\clique.cpp">
      <Filter>Source Files\cluster</Filter>
    </ClCompile>
    <ClCompile Include="cluster\clique_block.cpp">
      <Filter>Source Files\cluster</Filter>
    </ClCompile>
    <ClCompile Include="cluster\cluster_algorithm.cpp">
      <Filter>Source Files\cluster</Filter>
    </ClCompile>
    <ClCompile Include="cluster\cluster_data.cpp">
      <Filter>Source Files\cluster</Filter>
    </ClCompile>
    <ClCompile Include="cluster\cure.cpp">
      <Filter>Source Files\cluster</Filter>
    </ClCompile>
    <ClCompile Include="cluster\dbscan.cpp">
      <Filter>Source Files\cluster</Filter>
    </ClCompile>
    <ClCompile Include="cluster\fcm.cpp">
      <Filter>Source Files\cluster</Filter>
    </ClCompile>
    <ClCompile Include="cluster\gmeans.cpp">
      <Filter>Source Files\cluster</Filter>
    </ClCompile>
    <ClCompile Include="cluster\hsyncnet.cpp">
      <Filter>Source Files\cluster</Filter>
    </ClCompile>
    <ClCompile Include="cluster\kmeans.cpp">
      <Filter>Source Files\cluster</Filter>
    </ClCompile>
    <ClCompile Include="cluster\kmeans_data.cpp">
      <Filter>Source Files\cluster</Filter>
    </ClCompile>
    <ClCompile Include="cluster\kmeans_plus_plus.cpp">
      <Filter>Source Files\cluster</Filter>
    </ClCompile>
    <ClCompile Include="cluster\kmedians.cpp">
      <Filter>Source Files\cluster</Filter>
    </ClCompile>
    <ClCompile Include="cluster\kmedoids.cpp">
      <Filter>Source Files\cluster</Filter>
    </ClCompile>
    <ClCompile Include="cluster\mbsas.cpp">
      <Filter>Source Files\cluster</Filter>
    </ClCompile>
    <ClCompile Include="cluster\optics.cpp">
      <Filter>Source Files\cluster</Filter>
    </ClCompile>
    <ClCompile Include="cluster\optics_descriptor.cpp">
      <Filter>Source Files\cluster</Filter>
    </ClCompile>
    <ClCompile Include="cluster\ordering_analyser.cpp">
      <Filter>Source Files\cluster</Filter>
    </ClCompile>
    <ClCompile Include="cluster\random_center_initializer.cpp">
      <Filter>Source Files\cluster</Filter>
    </ClCompile>
    <ClCompile Include="cluster\rock.cpp">
      <Filter>Source Files\cluster</Filter>
    </ClCompile>
    <ClCompile Include="cluster\silhouette.cpp">
      <Filter>Source Files\cluster</Filter>
    </ClCompile>
    <ClCompile Include="cluster\silhouette_ksearch.cpp">
      <Filter>Source Files\cluster</Filter>
    </ClCompile>
    <ClCompile Include="cluster\somsc.cpp">
      <Filter>Source Files\cluster</Filter>
    </ClCompile>
    <ClCompile Include="cluster\syncnet.cpp">
      <Filter>Source Files\cluster</Filter>
    </ClCompile>
    <ClCompile Include="cluster\ttsas.cpp">
      <Filter>Source Files\cluster</Filter>
    </ClCompile>
    <ClCompile Include="cluster\xmeans.cpp">
      <Filter>Source Files\cluster</Filter>
    </ClCompile>
    <ClCompile Include="interface\agglomerative_interface.cpp">
      <Filter>Source Files\interface</Filter>
    </ClCompile>
    <ClCompile Include="interface\bsas_interface.cpp">
      <Filter>Source Files\interface</Filter>
    </ClCompile>
    <ClCompile Include="interface\clique_interface.cpp">
      <Filter>Source Files\interface</Filter>
    </ClCompile>
    <ClCompile Include="interface\cure_interface.cpp">
      <Filter>Source Files\interface</Filter>
    </ClCompile>
    <ClCompile Include="interface\dbscan_interface.cpp">
      <Filter>Source Files\interface</Filter>
    </ClCompile>
    <ClCompile Include="interface\elbow_interface.cpp">
      <Filter>Source Files\interface</Filter>
    </ClCompile>
    <ClCompile Include="interface\fcm_interface.cpp">
      <Filter>Source Files\interface</Filter>
    </ClCompile>
    <ClCompile Include="interface\gmeans_interface.cpp">
      <Filter>Source Files\interface</Filter>
    </ClCompile>
    <ClCompile Include="interface\hhn_interface.cpp">
      <Filter>Source Files\interface</Filter>
    </ClCompile>
    <ClCompile Include="interface\hsyncnet_interface.cpp">
      <Filter>Source Files\interface</Filter>
    </ClCompile>
    <ClCompile Include="interface\interface_property.cpp">
      <Filter>Source Files\interface</Filter>
    </ClCompile>
    <ClCompile Include="interface\kmeans_interface.cpp">
      <Filter>Source Files\interface</Filter>
    </ClCompile>
    <ClCompile Include="interface\kmedians_interface.cpp">
      <Filter>Source Files\interface</Filter>
    </ClCompile>
    <ClCompile Include="interface\kmedoids_interface.cpp">
      <Filter>Source Files\interface</Filter>
    </ClCompile>
    <ClCompile Include="interface\legion_interface.cpp">
      <Filter>Source Files\interface</Filter>
    </ClCompile>
    <ClCompile Include="interface\mbsas_interface.cpp">
      <Filter>Source Files\interface</Filter>
    </ClCompile>
    <ClCompile Include="interface\metric_interface.cpp">
      <Filter>Source Files\interface</Filter>
    </ClCompile>
    <ClCompile Include="interface\optics_interface.cpp">
      <Filter>Source Files\interface</Filter>
    </ClCompile>
    <ClCompile Include="interface\pcnn_interface.cpp">
      <Filter>Source Files\interface</Filter>
    </ClCompile>
    <ClCompile Include="interface\pyclustering_interface.cpp">
      <Filter>Source Files\interface</Filter>
    </ClCompile>
    <ClCompile Include="interface\pyclustering_package.cpp">
      <Filter>Source Files\interface</Filter>
    </ClCompile>
    <ClCompile Include="interface\rock_interface.cpp">
      <Filter>Source Files\interface</Filter>
    </ClCompile>
    <ClCompile Include="interface\silhouette_interface.cpp">
      <Filter>Source Files\interface</Filter>
    </ClCompile>
    <ClCompile Include="interface\som_interface.cpp">
      <Filter>Source Files\interface</Filter>
    </ClCompile>
    <ClCompile Include="interface\sync_interface.cpp">
      <Filter>Source Files\interface</Filter>
    </ClCompile>
    <ClCompile Include="interface\syncnet_interface.cpp">
      <Filter>Source Files\interface</Filter>
    </ClCompile>
    <ClCompile Include="interface\syncpr_interface.cpp">
      <Filter>Source Files\interface</Filter>
    </ClCompile>
    <ClCompile Include="interface\ttsas_interface.cpp">
      <Filter>Source Files\interface</Filter>
    </ClCompile>
    <ClCompile Include="interface\xmeans_interface.cpp">
      <Filter>Source Files\interface</Filter>
    </ClCompile>
    <ClCompile Include="nnet\dynamic_analyser.cpp">
      <Filter>Source Files\nnet</Filter>
    </ClCompile>
    <ClCompile Include="nnet\hhn.cpp">
      <Filter>Source Files\nnet</Filter>
    </ClCompile>
    <ClCompile Include="nnet\legion.cpp">
      <Filter>Source Files\nnet</Filter>
    </ClCompile>
    <ClCompile Include="nnet\pcnn.cpp">
      <Filter>Source Files\nnet</Filter>
    </ClCompile>
    <ClCompile Include="nnet\som.cpp">
      <Filter>Source Files\nnet</Filter>
    </ClCompile>
    <ClCompile Include="nnet\sync.cpp">
      <Filter>Source Files\nnet</Filter>
    </ClCompile>
    <ClCompile Include="nnet\syncpr.cpp">
      <Filter>Source Files\nnet</Filter>
    </ClCompile>
    <ClCompile Include="parallel\spinlock.cpp">
      <Filter>Source Files\parallel</Filter>
    </ClCompile>
    <ClCompile Include="parallel\task.cpp">
      <Filter>Source Files\parallel</Filter>
    </ClCompile>
    <ClCompile Include="parallel\thread_executor.cpp">
      <Filter>Source Files\parallel</Filter>
    </ClCompile>
    <ClCompile Include="parallel\thread_pool.cpp">
      <Filter>Source Files\parallel</Filter>
    </ClCompile>
    <ClCompile Include="utils\linalg.cpp">
      <Filter>Source Files\utils</Filter>
    </ClCompile>
    <ClCompile Include="utils\math.cpp">
      <Filter>Source Files\utils</Filter>
    </ClCompile>
    <ClCompile Include="utils\metric.cpp">
      <Filter>Source Files\utils</Filter>
    </ClCompile>
    <ClCompile Include="utils\random.cpp">
      <Filter>Source Files\utils</Filter>
    </ClCompile>
    <ClCompile Include="utils\stats.cpp">
      <Filter>Source Files\utils</Filter>
    </ClCompile>
  </ItemGroup>
  <ItemGroup>
    <ClInclude Include="..\include\pyclustering\cluster\agglomerative.hpp">
      <Filter>Header Files\cluster</Filter>
    </ClInclude>
    <ClInclude Include="..\include\pyclustering\cluster\bsas.hpp">
      <Filter>Header Files\cluster</Filter>
    </ClInclude>
    <ClInclude Include="..\include\pyclustering\cluster\bsas_data.hpp">
      <Filter>Header Files\cluster</Filter>
    </ClInclude>
    <ClInclude Include="..\include\pyclustering\cluster\center_initializer.hpp">
      <Filter>Header Files\cluster</Filter>
    </ClInclude>
    <ClInclude Include="..\include\pyclustering\cluster\clique.hpp">
      <Filter>Header Files\cluster</Filter>
    </ClInclude>
    <ClInclude Include="..\include\pyclustering\cluster\clique_block.hpp">
      <Filter>Header Files\cluster</Filter>
    </ClInclude>
    <ClInclude Include="..\include\pyclustering\cluster\clique_data.hpp">
      <Filter>Header Files\cluster</Filter>
    </ClInclude>
    <ClInclude Include="..\include\pyclustering\cluster\cluster_algorithm.hpp">
      <Filter>Header Files\cluster</Filter>
    </ClInclude>
    <ClInclude Include="..\include\pyclustering\cluster\cluster_data.hpp">
      <Filter>Header Files\cluster</Filter>
    </ClInclude>
    <ClInclude Include="..\include\pyclustering\cluster\cure.hpp">
      <Filter>Header Files\cluster</Filter>
    </ClInclude>
    <ClInclude Include="..\include\pyclustering\cluster\cure_data.hpp">
      <Filter>Header Files\cluster</Filter>
    </ClInclude>
    <ClInclude Include="..\include\pyclustering\cluster\dbscan.hpp">
      <Filter>Header Files\cluster</Filter>
    </ClInclude>
    <ClInclude Include="..\include\pyclustering\cluster\dbscan_data.hpp">
      <Filter>Header Files\cluster</Filter>
    </ClInclude>
    <ClInclude Include="..\include\pyclustering\cluster\elbow.hpp">
      <Filter>Header Files\cluster</Filter>
    </ClInclude>
    <ClInclude Include="..\include\pyclustering\cluster\elbow_data.hpp">
      <Filter>Header Files\cluster</Filter>
    </ClInclude>
    <ClInclude Include="..\include\pyclustering\cluster\fcm.hpp">
      <Filter>Header Files\cluster</Filter>
    </ClInclude>
    <ClInclude Include="..\include\pyclustering\cluster\fcm_data.hpp">
      <Filter>Header Files\cluster</Filter>
    </ClInclude>
    <ClInclude Include="..\include\pyclustering\cluster\gmeans.hpp">
      <Filter>Header Files\cluster</Filter>
    </ClInclude>
    <ClInclude Include="..\include\pyclustering\cluster\gmeans_data.hpp">
      <Filter>Header Files\cluster</Filter>
    </ClInclude>
    <ClInclude Include="..\include\pyclustering\cluster\hsyncnet.hpp">
      <Filter>Header Files\cluster</Filter>
    </ClInclude>
    <ClInclude Include="..\include\pyclustering\cluster\kmeans.hpp">
      <Filter>Header Files\cluster</Filter>
    </ClInclude>
    <ClInclude Include="..\include\pyclustering\cluster\kmeans_data.hpp">
      <Filter>Header Files\cluster</Filter>
    </ClInclude>
    <ClInclude Include="..\include\pyclustering\cluster\kmeans_plus_plus.hpp">
      <Filter>Header Files\cluster</Filter>
    </ClInclude>
    <ClInclude Include="..\include\pyclustering\cluster\kmedians.hpp">
      <Filter>Header Files\cluster</Filter>
    </ClInclude>
    <ClInclude Include="..\include\pyclustering\cluster\kmedians_data.hpp">
      <Filter>Header Files\cluster</Filter>
    </ClInclude>
    <ClInclude Include="..\include\pyclustering\cluster\kmedoids.hpp">
      <Filter>Header Files\cluster</Filter>
    </ClInclude>
    <ClInclude Include="..\include\pyclustering\cluster\kmedoids_data.hpp">
      <Filter>Header Files\cluster</Filter>
    </ClInclude>
    <ClInclude Include="..\include\pyclustering\cluster\mbsas.hpp">
      <Filter>Header Files\cluster</Filter>
    </ClInclude>
    <ClInclude Include="..\include\pyclustering\cluster\mbsas_data.hpp">
      <Filter>Header Files\cluster</Filter>
    </ClInclude>
    <ClInclude Include="..\include\pyclustering\cluster\optics.hpp">
      <Filter>Header Files\cluster</Filter>
    </ClInclude>
    <ClInclude Include="..\include\pyclustering\cluster\optics_data.hpp">
      <Filter>Header Files\cluster</Filter>
    </ClInclude>
    <ClInclude Include="..\include\pyclustering\cluster\optics_descriptor.hpp">
      <Filter>Header Files\cluster</Filter>
    </ClInclude>
    <ClInclude Include="..\include\pyclustering\cluster\ordering_analyser.hpp">
      <Filter>Header Files\cluster</Filter>
    </ClInclude>
    <ClInclude Include="..\include\pyclustering\cluster\random_center_initializer.hpp">
      <Filter>Header Files\cluster</Filter>
    </ClInclude>
    <ClInclude Include="..\include\pyclustering\cluster\rock.hpp">
      <Filter>Header Files\cluster</Filter>
    </ClInclude>
    <ClInclude Include="..\include\pyclustering\cluster\silhouette.hpp">
      <Filter>Header Files\cluster</Filter>
    </ClInclude>
    <ClInclude Include="..\include\pyclustering\cluster\silhouette_data.hpp">
      <Filter>Header Files\cluster</Filter>
    </ClInclude>
    <ClInclude Include="..\include\pyclustering\cluster\silhouette_ksearch.hpp">
      <Filter>Header Files\cluster</Filter>
    </ClInclude>
    <ClInclude Include="..\include\pyclustering\cluster\silhouette_ksearch_data.hpp">
      <Filter>Header Files\cluster</Filter>
    </ClInclude>
    <ClInclude Include="..\include\pyclustering\cluster\somsc.hpp">
      <Filter>Header Files\cluster</Filter>
    </ClInclude>
    <ClInclude Include="..\include\pyclustering\cluster\somsc_data.hpp">
      <Filter>Header Files\cluster</Filter>
    </ClInclude>
    <ClInclude Include="..\include\pyclustering\cluster\syncnet.hpp">
      <Filter>Header Files\cluster</Filter>
    </ClInclude>
    <ClInclude Include="..\include\pyclustering\cluster\ttsas.hpp">
      <Filter>Header Files\cluster</Filter>
    </ClInclude>
    <ClInclude Include="..\include\pyclustering\cluster\ttsas_data.hpp">
      <Filter>Header Files\cluster</Filter>
    </ClInclude>
    <ClInclude Include="..\include\pyclustering\cluster\xmeans.hpp">
      <Filter>Header Files\cluster</Filter>
    </ClInclude>
    <ClInclude Include="..\include\pyclustering\cluster\xmeans_data.hpp">
      <Filter>Header Files\cluster</Filter>
    </ClInclude>
    <ClInclude Include="..\include\pyclustering\container\adjacency.hpp">
      <Filter>Header Files\container</Filter>
    </ClInclude>
    <ClInclude Include="..\include\pyclustering\container\adjacency_bit_matrix.hpp">
      <Filter>Header Files\container</Filter>
    </ClInclude>
    <ClInclude Include="..\include\pyclustering\container\adjacency_connector.hpp">
      <Filter>Header Files\container</Filter>
    </ClInclude>
    <ClInclude Include="..\include\pyclustering\container\adjacency_factory.hpp">
      <Filter>Header Files\container</Filter>
    </ClInclude>
    <ClInclude Include="..\include\pyclustering\container\adjacency_list.hpp">
      <Filter>Header Files\container</Filter>
    </ClInclude>
    <ClInclude Include="..\include\pyclustering\container\adjacency_matrix.hpp">
      <Filter>Header Files\container</Filter>
    </ClInclude>
    <ClInclude Include="..\include\pyclustering\container\adjacency_weight_list.hpp">
      <Filter>Header Files\container</Filter>
    </ClInclude>
    <ClInclude Include="..\include\pyclustering\container\dynamic_data.hpp">
      <Filter>Header Files\container</Filter>
    </ClInclude>
    <ClInclude Include="..\include\pyclustering\container\ensemble_data.hpp">
      <Filter>Header Files\container</Filter>
    </ClInclude>
    <ClInclude Include="..\include\pyclustering\container\kdnode.hpp">
      <Filter>Header Files\container</Filter>
    </ClInclude>
    <ClInclude Include="..\include\pyclustering\container\kdtree.hpp">
      <Filter>Header Files\container</Filter>
    </ClInclude>
    <ClInclude Include="..\include\pyclustering\differential\differ_factor.hpp">
      <Filter>Header Files\differential</Filter>
    </ClInclude>
    <ClInclude Include="..\include\pyclustering\differential\differ_state.hpp">
      <Filter>Header Files\differential</Filter>
    </ClInclude>
    <ClInclude Include="..\include\pyclustering\differential\equation.hpp">
      <Filter>Header Files\differential</Filter>
    </ClInclude>
    <ClInclude Include="..\include\pyclustering\differential\runge_kutta_4.hpp">
      <Filter>Header Files\differential</Filter>
    </ClInclude>
    <ClInclude Include="..\include\pyclustering\differential\runge_kutta_fehlberg_45.hpp">
      <Filter>Header Files\differential</Filter>
    </ClInclude>
    <ClInclude Include="..\include\pyclustering\differential\solve_type.hpp">
      <Filter>Header Files\differential</Filter>
    </ClInclude>
    <ClInclude Include="..\include\pyclustering\interface\agglomerative_interface.h">
      <Filter>Header Files\interface</Filter>
    </ClInclude>
    <ClInclude Include="..\include\pyclustering\interface\bsas_interface.h">
      <Filter>Header Files\interface</Filter>
    </ClInclude>
    <ClInclude Include="..\include\pyclustering\interface\clique_interface.h">
      <Filter>Header Files\interface</Filter>
    </ClInclude>
    <ClInclude Include="..\include\pyclustering\interface\cure_interface.h">
      <Filter>Header Files\interface</Filter>
    </ClInclude>
    <ClInclude Include="..\include\pyclustering\interface\dbscan_interface.h">
      <Filter>Header Files\interface</Filter>
    </ClInclude>
    <ClInclude Include="..\include\pyclustering\interface\elbow_interface.h">
      <Filter>Header Files\interface</Filter>
    </ClInclude>
    <ClInclude Include="..\include\pyclustering\interface\fcm_interface.h">
      <Filter>Header Files\interface</Filter>
    </ClInclude>
    <ClInclude Include="..\include\pyclustering\interface\gmeans_interface.h">
      <Filter>Header Files\interface</Filter>
    </ClInclude>
    <ClInclude Include="..\include\pyclustering\interface\hhn_interface.h">
      <Filter>Header Files\interface</Filter>
    </ClInclude>
    <ClInclude Include="..\include\pyclustering\interface\hsyncnet_interface.h">
      <Filter>Header Files\interface</Filter>
    </ClInclude>
    <ClInclude Include="..\include\pyclustering\interface\interface_property.h">
      <Filter>Header Files\interface</Filter>
    </ClInclude>
    <ClInclude Include="..\include\pyclustering\interface\kmeans_interface.h">
      <Filter>Header Files\interface</Filter>
    </ClInclude>
    <ClInclude Include="..\include\pyclustering\interface\kmedians_interface.h">
      <Filter>Header Files\interface</Filter>
    </ClInclude>
    <ClInclude Include="..\include\pyclustering\interface\kmedoids_interface.h">
      <Filter>Header Files\interface</Filter>
    </ClInclude>
    <ClInclude Include="..\include\pyclustering\interface\legion_interface.h">
      <Filter>Header Files\interface</Filter>
    </ClInclude>
    <ClInclude Include="..\include\pyclustering\interface\mbsas_interface.h">
      <Filter>Header Files\interface</Filter>
    </ClInclude>
    <ClInclude Include="..\include\pyclustering\interface\metric_interface.h">
      <Filter>Header Files\interface</Filter>
    </ClInclude>
    <ClInclude Include="..\include\pyclustering\interface\optics_interface.h">
      <Filter>Header Files\interface</Filter>
    </ClInclude>
    <ClInclude Include="..\include\pyclustering\interface\pcnn_interface.h">
      <Filter>Header Files\interface</Filter>
    </ClInclude>
    <ClInclude Include="..\include\pyclustering\interface\pyclustering_interface.h">
      <Filter>Header Files\interface</Filter>
    </ClInclude>
    <ClInclude Include="..\include\pyclustering\interface\pyclustering_package.hpp">
      <Filter>Header Files\interface</Filter>
    </ClInclude>
    <ClInclude Include="..\include\pyclustering\interface\rock_interface.h">
      <Filter>Header Files\interface</Filter>
    </ClInclude>
    <ClInclude Include="..\include\pyclustering\interface\silhouette_interface.h">
      <Filter>Header Files\interface</Filter>
    </ClInclude>
    <ClInclude Include="..\include\pyclustering\interface\som_interface.h">
      <Filter>Header Files\interface</Filter>
    </ClInclude>
    <ClInclude Include="..\include\pyclustering\interface\sync_interface.h">
      <Filter>Header Files\interface</Filter>
    </ClInclude>
    <ClInclude Include="..\include\pyclustering\interface\syncnet_interface.h">
      <Filter>Header Files\interface</Filter>
    </ClInclude>
    <ClInclude Include="..\include\pyclustering\interface\syncpr_interface.h">
      <Filter>Header Files\interface</Filter>
    </ClInclude>
    <ClInclude Include="..\include\pyclustering\interface\ttsas_interface.h">
      <Filter>Header Files\interface</Filter>
    </ClInclude>
    <ClInclude Include="..\include\pyclustering\interface\xmeans_interface.h">
      <Filter>Header Files\interface</Filter>
    </ClInclude>
    <ClInclude Include="..\include\pyclustering\utils\linalg.hpp">
      <Filter>Header Files\utils</Filter>
    </ClInclude>
    <ClInclude Include="..\include\pyclustering\utils\math.hpp">
      <Filter>Header Files\utils</Filter>
    </ClInclude>
    <ClInclude Include="..\include\pyclustering\utils\metric.hpp">
      <Filter>Header Files\utils</Filter>
    </ClInclude>
    <ClInclude Include="..\include\pyclustering\utils\random.hpp">
      <Filter>Header Files\utils</Filter>
    </ClInclude>
    <ClInclude Include="..\include\pyclustering\utils\stats.hpp">
      <Filter>Header Files\utils</Filter>
    </ClInclude>
    <ClInclude Include="..\include\pyclustering\parallel\parallel.hpp">
      <Filter>Header Files\parallel</Filter>
    </ClInclude>
    <ClInclude Include="..\include\pyclustering\parallel\spinlock.hpp">
      <Filter>Header Files\parallel</Filter>
    </ClInclude>
    <ClInclude Include="..\include\pyclustering\parallel\task.hpp">
      <Filter>Header Files\parallel</Filter>
    </ClInclude>
    <ClInclude Include="..\include\pyclustering\parallel\thread_executor.hpp">
      <Filter>Header Files\parallel</Filter>
    </ClInclude>
    <ClInclude Include="..\include\pyclustering\parallel\thread_pool.hpp">
      <Filter>Header Files\parallel</Filter>
    </ClInclude>
    <ClInclude Include="..\include\pyclustering\nnet\dynamic_analyser.hpp">
      <Filter>Header Files\nnet</Filter>
    </ClInclude>
    <ClInclude Include="..\include\pyclustering\nnet\hhn.hpp">
      <Filter>Header Files\nnet</Filter>
    </ClInclude>
    <ClInclude Include="..\include\pyclustering\nnet\legion.hpp">
      <Filter>Header Files\nnet</Filter>
    </ClInclude>
    <ClInclude Include="..\include\pyclustering\nnet\network.hpp">
      <Filter>Header Files\nnet</Filter>
    </ClInclude>
    <ClInclude Include="..\include\pyclustering\nnet\pcnn.hpp">
      <Filter>Header Files\nnet</Filter>
    </ClInclude>
    <ClInclude Include="..\include\pyclustering\nnet\som.hpp">
      <Filter>Header Files\nnet</Filter>
    </ClInclude>
    <ClInclude Include="..\include\pyclustering\nnet\sync.hpp">
      <Filter>Header Files\nnet</Filter>
    </ClInclude>
    <ClInclude Include="..\include\pyclustering\nnet\syncpr.hpp">
      <Filter>Header Files\nnet</Filter>
    </ClInclude>
    <ClInclude Include="..\include\pyclustering\definitions.hpp">
      <Filter>Header Files</Filter>
    </ClInclude>
  </ItemGroup>
</Project>